# THIS IS AN AUTOGENERATED FILE. DO NOT EDIT THIS FILE DIRECTLY.
# yarn lockfile v1


jasmine-core@~6.0.0:
  version "6.0.0"
  resolved "https://registry.yarnpkg.com/jasmine-core/-/jasmine-core-6.0.0.tgz#f2ffab41ada31f232c85e4caa3e3d53e9b73e18a"
  integrity sha512-fmBb8aruz2mEIDBUGWOGNmxhXwFJs44SSzwbMcBDqQnNChavPTq3Ra9A6WAn6WdxvxWEdakKTcEb3NzeR3yD1A==
